
Microsoft Visual Studio Solution File, Format Version 12.00
# Visual Studio Version 16
VisualStudioVersion = 16.0.30011.22
MinimumVisualStudioVersion = 10.0.40219.1
Project("{9A19103F-16F7-4668-BE54-9A1E7A4F7556}") = "SampleAuthPolicies", "SampleAuthPolicies\SampleAuthPolicies.csproj", "{211EFA6F-2463-4868-9AEA-AE66C4CBE215}"
EndProject
Project("{2150E333-8FDC-42A3-9474-1A3956D46DE8}") = "solution items", "solution items", "{3992F1E4-446B-4056-BE32-7005E44FC5F0}"
	ProjectSection(SolutionItems) = preProject
		.gitignore = .gitignore
		README.md = README.md
	EndProjectSection
EndProject
Global
	GlobalSection(SolutionConfigurationPlatforms) = preSolution
		Debug|Any CPU = Debug|Any CPU
		Release|Any CPU = Release|Any CPU
	EndGlobalSection
	GlobalSection(ProjectConfigurationPlatforms) = postSolution
		{211EFA6F-2463-4868-9AEA-AE66C4CBE215}.Debug|Any CPU.ActiveCfg = Debug|Any CPU
		{211EFA6F-2463-4868-9AEA-AE66C4CBE215}.Debug|Any CPU.Build.0 = Debug|Any CPU
		{211EFA6F-2463-4868-9AEA-AE66C4CBE215}.Release|Any CPU.ActiveCfg = Release|Any CPU
		{211EFA6F-2463-4868-9AEA-AE66C4CBE215}.Release|Any CPU.Build.0 = Release|Any CPU
	EndGlobalSection
	GlobalSection(SolutionProperties) = preSolution
		HideSolutionNode = FALSE
	EndGlobalSection
	GlobalSection(ExtensibilityGlobals) = postSolution
		SolutionGuid = {FB9C5477-0C0B-451B-A17D-CA4BDD52F824}
	EndGlobalSection
EndGlobal
